
Microsoft Visual Studio Solution File, Format Version 12.00
# Visual Studio Version 17
VisualStudioVersion = 17.5.33502.453
MinimumVisualStudioVersion = 10.0.40219.1
Project("{9A19103F-16F7-4668-BE54-9A1E7A4F7556}") = "GameDatabase", "GameDatabase.csproj", "{84217CFA-A3E4-470F-A766-D335025C1290}"
EndProject
Global
	GlobalSection(SolutionConfigurationPlatforms) = preSolution
		Debug|Any CPU = Debug|Any CPU
		Release|Any CPU = Release|Any CPU
	EndGlobalSection
	GlobalSection(ProjectConfigurationPlatforms) = postSolution
		{84217CFA-A3E4-470F-A766-D335025C1290}.Debug|Any CPU.ActiveCfg = Debug|Any CPU
		{84217CFA-A3E4-470F-A766-D335025C1290}.Debug|Any CPU.Build.0 = Debug|Any CPU
		{84217CFA-A3E4-470F-A766-D335025C1290}.Release|Any CPU.ActiveCfg = Release|Any CPU
		{84217CFA-A3E4-470F-A766-D335025C1290}.Release|Any CPU.Build.0 = Release|Any CPU
	EndGlobalSection
	GlobalSection(SolutionProperties) = preSolution
		HideSolutionNode = FALSE
	EndGlobalSection
	GlobalSection(ExtensibilityGlobals) = postSolution
		SolutionGuid = {22E3F257-7063-4EE3-BECD-56F1D5957112}
	EndGlobalSection
EndGlobal
